<Solution>
  <Folder Name="/Vox.Chat/">
    <Project Path="Vox.Chat/Vox.Chat.csproj" />
  </Folder>
  <Folder Name="/Vox.Core/">
    <Project Path="Vox.Core/Vox.Core.csproj" />
  </Folder>
  <Folder Name="/Vox.Network/">
    <Project Path="Vox.Network/Vox.Network.csproj" />
  </Folder>
  <Folder Name="/Vox.UI/">
    <Project Path="Vox.UI/Vox.UI.csproj" />
  </Folder>
  <Folder Name="/Vox.Voice/">
    <Project Path="Vox.Voice/Vox.Voice.csproj" />
  </Folder>
  <Folder Name="/tests/">
    <Project Path="tests/Vox.Chat.Tests/Vox.Chat.Tests.csproj" />
    <Project Path="tests/Vox.Core.Tests/Vox.Core.Tests.csproj" />
    <Project Path="tests/Vox.Integration.Tests/Vox.Integration.Tests.csproj" />
    <Project Path="tests/Vox.Network.Tests/Vox.Network.Tests.csproj" />
    <Project Path="tests/Vox.Voice.Tests/Vox.Voice.Tests.csproj" />
  </Folder>
</Solution>
